
Microsoft Visual Studio Solution File, Format Version 12.00
# Visual Studio 2012
Project("{FAE04EC0-301F-11D3-BF4B-00C04F79EFBC}") = "FriendlyUrls", "FriendlyUrls\FriendlyUrls.csproj", "{A281B810-1595-447D-BC03-A7430C948251}"
EndProject
Global
	GlobalSection(SolutionConfigurationPlatforms) = preSolution
		Debug|Any CPU = Debug|Any CPU
		Release|Any CPU = Release|Any CPU
	EndGlobalSection
	GlobalSection(ProjectConfigurationPlatforms) = postSolution
		{A281B810-1595-447D-BC03-A7430C948251}.Debug|Any CPU.ActiveCfg = Debug|Any CPU
		{A281B810-1595-447D-BC03-A7430C948251}.Debug|Any CPU.Build.0 = Debug|Any CPU
		{A281B810-1595-447D-BC03-A7430C948251}.Release|Any CPU.ActiveCfg = Release|Any CPU
		{A281B810-1595-447D-BC03-A7430C948251}.Release|Any CPU.Build.0 = Release|Any CPU
	EndGlobalSection
	GlobalSection(SolutionProperties) = preSolution
		HideSolutionNode = FALSE
	EndGlobalSection
EndGlobal
